// !$*UTF8*$!
{
	archiveVersion = 1;
	classes = {
	};
	objectVersion = 46;
	objects = {

/* Begin PBXBuildFile section */
		46C44DFC1D37359300E22A13 /* main.m in Sources */ = {isa = PBXBuildFile; fileRef = 46C44DFB1D37359300E22A13 /* main.m */; };
		46C44DFF1D37359300E22A13 /* AppDelegate.m in Sources */ = {isa = PBXBuildFile; fileRef = 46C44DFE1D37359300E22A13 /* AppDelegate.m */; };
		46C44E021D37359300E22A13 /* ViewController.m in Sources */ = {isa = PBXBuildFile; fileRef = 46C44E011D37359300E22A13 /* ViewController.m */; };
		46C44E051D37359300E22A13 /* Main.storyboard in Resources */ = {isa = PBXBuildFile; fileRef = 46C44E031D37359300E22A13 /* Main.storyboard */; };
		46C44E071D37359300E22A13 /* Assets.xcassets in Resources */ = {isa = PBXBuildFile; fileRef = 46C44E061D37359300E22A13 /* Assets.xcassets */; };
		46C44E0A1D37359300E22A13 /* LaunchScreen.storyboard in Resources */ = {isa = PBXBuildFile; fileRef = 46C44E081D37359300E22A13 /* LaunchScreen.storyboard */; };
		46C44E2B1D3735C700E22A13 /* AVFoundation.framework in Frameworks */ = {isa = PBXBuildFile; fileRef = 46C44E2A1D3735C700E22A13 /* AVFoundation.framework */; };
		46C44E3E1D37388500E22A13 /* amrFileCodec.mm in Sources */ = {isa = PBXBuildFile; fileRef = 46C44E2F1D37388500E22A13 /* amrFileCodec.mm */; };
		46C44E3F1D37388500E22A13 /* libopencore-amrnb.a in Frameworks */ = {isa = PBXBuildFile; fileRef = 46C44E311D37388500E22A13 /* libopencore-amrnb.a */; };
		46C44E401D37388600E22A13 /* libopencore-amrwb.a in Frameworks */ = {isa = PBXBuildFile; fileRef = 46C44E321D37388500E22A13 /* libopencore-amrwb.a */; };
		46C44E411D37388600E22A13 /* README.md in Sources */ = {isa = PBXBuildFile; fileRef = 46C44E391D37388500E22A13 /* README.md */; };
		46C44E421D37388600E22A13 /* Voice.mm in Sources */ = {isa = PBXBuildFile; fileRef = 46C44E3B1D37388500E22A13 /* Voice.mm */; };
		46C44E431D37388600E22A13 /* VoiceConverter.mm in Sources */ = {isa = PBXBuildFile; fileRef = 46C44E3D1D37388500E22A13 /* VoiceConverter.mm */; };
/* End PBXBuildFile section */

/* Begin PBXFileReference section */
		46C44DF71D37359300E22A13 /* iOS录音和wav转amr.app */ = {isa = PBXFileReference; explicitFileType = wrapper.application; includeInIndex = 0; path = "iOS录音和wav转amr.app"; sourceTree = BUILT_PRODUCTS_DIR; };
		46C44DFB1D37359300E22A13 /* main.m */ = {isa = PBXFileReference; lastKnownFileType = sourcecode.c.objc; path = main.m; sourceTree = "<group>"; };
		46C44DFD1D37359300E22A13 /* AppDelegate.h */ = {isa = PBXFileReference; lastKnownFileType = sourcecode.c.h; path = AppDelegate.h; sourceTree = "<group>"; };
		46C44DFE1D37359300E22A13 /* AppDelegate.m */ = {isa = PBXFileReference; lastKnownFileType = sourcecode.c.objc; path = AppDelegate.m; sourceTree = "<group>"; };
		46C44E001D37359300E22A13 /* ViewController.h */ = {isa = PBXFileReference; lastKnownFileType = sourcecode.c.h; path = ViewController.h; sourceTree = "<group>"; };
		46C44E011D37359300E22A13 /* ViewController.m */ = {isa = PBXFileReference; lastKnownFileType = sourcecode.c.objc; path = ViewController.m; sourceTree = "<group>"; };
		46C44E041D37359300E22A13 /* Base */ = {isa = PBXFileReference; lastKnownFileType = file.storyboard; name = Base; path = Base.lproj/Main.storyboard; sourceTree = "<group>"; };
		46C44E061D37359300E22A13 /* Assets.xcassets */ = {isa = PBXFileReference; lastKnownFileType = folder.assetcatalog; path = Assets.xcassets; sourceTree = "<group>"; };
		46C44E091D37359300E22A13 /* Base */ = {isa = PBXFileReference; lastKnownFileType = file.storyboard; name = Base; path = Base.lproj/LaunchScreen.storyboard; sourceTree = "<group>"; };
		46C44E0B1D37359300E22A13 /* Info.plist */ = {isa = PBXFileReference; lastKnownFileType = text.plist.xml; path = Info.plist; sourceTree = "<group>"; };
		46C44E2A1D3735C700E22A13 /* AVFoundation.framework */ = {isa = PBXFileReference; lastKnownFileType = wrapper.framework; name = AVFoundation.framework; path = System/Library/Frameworks/AVFoundation.framework; sourceTree = SDKROOT; };
		46C44E2E1D37388500E22A13 /* amrFileCodec.h */ = {isa = PBXFileReference; fileEncoding = 4; lastKnownFileType = sourcecode.c.h; path = amrFileCodec.h; sourceTree = "<group>"; };
		46C44E2F1D37388500E22A13 /* amrFileCodec.mm */ = {isa = PBXFileReference; fileEncoding = 4; lastKnownFileType = sourcecode.cpp.objcpp; path = amrFileCodec.mm; sourceTree = "<group>"; };
		46C44E311D37388500E22A13 /* libopencore-amrnb.a */ = {isa = PBXFileReference; lastKnownFileType = archive.ar; path = "libopencore-amrnb.a"; sourceTree = "<group>"; };
		46C44E321D37388500E22A13 /* libopencore-amrwb.a */ = {isa = PBXFileReference; lastKnownFileType = archive.ar; path = "libopencore-amrwb.a"; sourceTree = "<group>"; };
		46C44E341D37388500E22A13 /* interf_dec.h */ = {isa = PBXFileReference; fileEncoding = 4; lastKnownFileType = sourcecode.c.h; path = interf_dec.h; sourceTree = "<group>"; };
		46C44E351D37388500E22A13 /* interf_enc.h */ = {isa = PBXFileReference; fileEncoding = 4; lastKnownFileType = sourcecode.c.h; path = interf_enc.h; sourceTree = "<group>"; };
		46C44E371D37388500E22A13 /* dec_if.h */ = {isa = PBXFileReference; fileEncoding = 4; lastKnownFileType = sourcecode.c.h; path = dec_if.h; sourceTree = "<group>"; };
		46C44E381D37388500E22A13 /* if_rom.h */ = {isa = PBXFileReference; fileEncoding = 4; lastKnownFileType = sourcecode.c.h; path = if_rom.h; sourceTree = "<group>"; };
		46C44E391D37388500E22A13 /* README.md */ = {isa = PBXFileReference; fileEncoding = 4; lastKnownFileType = net.daringfireball.markdown; path = README.md; sourceTree = "<group>"; };
		46C44E3A1D37388500E22A13 /* Voice.h */ = {isa = PBXFileReference; fileEncoding = 4; lastKnownFileType = sourcecode.c.h; path = Voice.h; sourceTree = "<group>"; };
		46C44E3B1D37388500E22A13 /* Voice.mm */ = {isa = PBXFileReference; fileEncoding = 4; lastKnownFileType = sourcecode.cpp.objcpp; path = Voice.mm; sourceTree = "<group>"; };
		46C44E3C1D37388500E22A13 /* VoiceConverter.h */ = {isa = PBXFileReference; fileEncoding = 4; lastKnownFileType = sourcecode.c.h; path = VoiceConverter.h; sourceTree = "<group>"; };
		46C44E3D1D37388500E22A13 /* VoiceConverter.mm */ = {isa = PBXFileReference; fileEncoding = 4; lastKnownFileType = sourcecode.cpp.objcpp; path = VoiceConverter.mm; sourceTree = "<group>"; };
/* End PBXFileReference section */

/* Begin PBXFrameworksBuildPhase section */
		46C44DF41D37359300E22A13 /* Frameworks */ = {
			isa = PBXFrameworksBuildPhase;
			buildActionMask = 2147483647;
			files = (
				46C44E2B1D3735C700E22A13 /* AVFoundation.framework in Frameworks */,
				46C44E401D37388600E22A13 /* libopencore-amrwb.a in Frameworks */,
				46C44E3F1D37388500E22A13 /* libopencore-amrnb.a in Frameworks */,
			);
			runOnlyForDeploymentPostprocessing = 0;
		};
/* End PBXFrameworksBuildPhase section */

/* Begin PBXGroup section */
		46C44DEE1D37359300E22A13 = {
			isa = PBXGroup;
			children = (
				46C44E2A1D3735C700E22A13 /* AVFoundation.framework */,
				46C44DF91D37359300E22A13 /* iOS录音和wav转amr */,
				46C44DF81D37359300E22A13 /* Products */,
			);
			sourceTree = "<group>";
		};
		46C44DF81D37359300E22A13 /* Products */ = {
			isa = PBXGroup;
			children = (
				46C44DF71D37359300E22A13 /* iOS录音和wav转amr.app */,
			);
			name = Products;
			sourceTree = "<group>";
		};
		46C44DF91D37359300E22A13 /* iOS录音和wav转amr */ = {
			isa = PBXGroup;
			children = (
				46C44E2C1D37388500E22A13 /* AMRVoiceRecorder-master */,
				46C44DFD1D37359300E22A13 /* AppDelegate.h */,
				46C44DFE1D37359300E22A13 /* AppDelegate.m */,
				46C44E001D37359300E22A13 /* ViewController.h */,
				46C44E011D37359300E22A13 /* ViewController.m */,
				46C44E031D37359300E22A13 /* Main.storyboard */,
				46C44E061D37359300E22A13 /* Assets.xcassets */,
				46C44E081D37359300E22A13 /* LaunchScreen.storyboard */,
				46C44E0B1D37359300E22A13 /* Info.plist */,
				46C44DFA1D37359300E22A13 /* Supporting Files */,
			);
			path = "iOS录音和wav转amr";
			sourceTree = "<group>";
		};
		46C44DFA1D37359300E22A13 /* Supporting Files */ = {
			isa = PBXGroup;
			children = (
				46C44DFB1D37359300E22A13 /* main.m */,
			);
			name = "Supporting Files";
			sourceTree = "<group>";
		};
		46C44E2C1D37388500E22A13 /* AMRVoiceRecorder-master */ = {
			isa = PBXGroup;
			children = (
				46C44E2D1D37388500E22A13 /* amrwapper */,
				46C44E301D37388500E22A13 /* lib */,
				46C44E331D37388500E22A13 /* opencore-amrnb */,
				46C44E361D37388500E22A13 /* opencore-amrwb */,
				46C44E391D37388500E22A13 /* README.md */,
				46C44E3A1D37388500E22A13 /* Voice.h */,
				46C44E3B1D37388500E22A13 /* Voice.mm */,
				46C44E3C1D37388500E22A13 /* VoiceConverter.h */,
				46C44E3D1D37388500E22A13 /* VoiceConverter.mm */,
			);
			path = "AMRVoiceRecorder-master";
			sourceTree = "<group>";
		};
		46C44E2D1D37388500E22A13 /* amrwapper */ = {
			isa = PBXGroup;
			children = (
				46C44E2E1D37388500E22A13 /* amrFileCodec.h */,
				46C44E2F1D37388500E22A13 /* amrFileCodec.mm */,
			);
			path = amrwapper;
			sourceTree = "<group>";
		};
		46C44E301D37388500E22A13 /* lib */ = {
			isa = PBXGroup;
			children = (
				46C44E311D37388500E22A13 /* libopencore-amrnb.a */,
				46C44E321D37388500E22A13 /* libopencore-amrwb.a */,
			);
			path = lib;
			sourceTree = "<group>";
		};
		46C44E331D37388500E22A13 /* opencore-amrnb */ = {
			isa = PBXGroup;
			children = (
				46C44E341D37388500E22A13 /* interf_dec.h */,
				46C44E351D37388500E22A13 /* interf_enc.h */,
			);
			path = "opencore-amrnb";
			sourceTree = "<group>";
		};
		46C44E361D37388500E22A13 /* opencore-amrwb */ = {
			isa = PBXGroup;
			children = (
				46C44E371D37388500E22A13 /* dec_if.h */,
				46C44E381D37388500E22A13 /* if_rom.h */,
			);
			path = "opencore-amrwb";
			sourceTree = "<group>";
		};
/* End PBXGroup section */

/* Begin PBXNativeTarget section */
		46C44DF61D37359300E22A13 /* iOS录音和wav转amr */ = {
			isa = PBXNativeTarget;
			buildConfigurationList = 46C44E0E1D37359300E22A13 /* Build configuration list for PBXNativeTarget "iOS录音和wav转amr" */;
			buildPhases = (
				46C44DF31D37359300E22A13 /* Sources */,
				46C44DF41D37359300E22A13 /* Frameworks */,
				46C44DF51D37359300E22A13 /* Resources */,
			);
			buildRules = (
			);
			dependencies = (
			);
			name = "iOS录音和wav转amr";
			productName = "iOS录音和wav转amr";
			productReference = 46C44DF71D37359300E22A13 /* iOS录音和wav转amr.app */;
			productType = "com.apple.product-type.application";
		};
/* End PBXNativeTarget section */

/* Begin PBXProject section */
		46C44DEF1D37359300E22A13 /* Project object */ = {
			isa = PBXProject;
			attributes = {
				LastUpgradeCheck = 0720;
				ORGANIZATIONNAME = MHKJ_TQY;
				TargetAttributes = {
					46C44DF61D37359300E22A13 = {
						CreatedOnToolsVersion = 7.2.1;
					};
				};
			};
			buildConfigurationList = 46C44DF21D37359300E22A13 /* Build configuration list for PBXProject "iOS录音和wav转amr" */;
			compatibilityVersion = "Xcode 3.2";
			developmentRegion = English;
			hasScannedForEncodings = 0;
			knownRegions = (
				en,
				Base,
			);
			mainGroup = 46C44DEE1D37359300E22A13;
			productRefGroup = 46C44DF81D37359300E22A13 /* Products */;
			projectDirPath = "";
			projectRoot = "";
			targets = (
				46C44DF61D37359300E22A13 /* iOS录音和wav转amr */,
			);
		};
/* End PBXProject section */

/* Begin PBXResourcesBuildPhase section */
		46C44DF51D37359300E22A13 /* Resources */ = {
			isa = PBXResourcesBuildPhase;
			buildActionMask = 2147483647;
			files = (
				46C44E0A1D37359300E22A13 /* LaunchScreen.storyboard in Resources */,
				46C44E071D37359300E22A13 /* Assets.xcassets in Resources */,
				46C44E051D37359300E22A13 /* Main.storyboard in Resources */,
			);
			runOnlyForDeploymentPostprocessing = 0;
		};
/* End PBXResourcesBuildPhase section */

/* Begin PBXSourcesBuildPhase section */
		46C44DF31D37359300E22A13 /* Sources */ = {
			isa = PBXSourcesBuildPhase;
			buildActionMask = 2147483647;
			files = (
				46C44E421D37388600E22A13 /* Voice.mm in Sources */,
				46C44E021D37359300E22A13 /* ViewController.m in Sources */,
				46C44E3E1D37388500E22A13 /* amrFileCodec.mm in Sources */,
				46C44E411D37388600E22A13 /* README.md in Sources */,
				46C44DFF1D37359300E22A13 /* AppDelegate.m in Sources */,
				46C44DFC1D37359300E22A13 /* main.m in Sources */,
				46C44E431D37388600E22A13 /* VoiceConverter.mm in Sources */,
			);
			runOnlyForDeploymentPostprocessing = 0;
		};
/* End PBXSourcesBuildPhase section */

/* Begin PBXVariantGroup section */
		46C44E031D37359300E22A13 /* Main.storyboard */ = {
			isa = PBXVariantGroup;
			children = (
				46C44E041D37359300E22A13 /* Base */,
			);
			name = Main.storyboard;
			sourceTree = "<group>";
		};
		46C44E081D37359300E22A13 /* LaunchScreen.storyboard */ = {
			isa = PBXVariantGroup;
			children = (
				46C44E091D37359300E22A13 /* Base */,
			);
			name = LaunchScreen.storyboard;
			sourceTree = "<group>";
		};
/* End PBXVariantGroup section */

/* Begin XCBuildConfiguration section */
		46C44E0C1D37359300E22A13 /* Debug */ = {
			isa = XCBuildConfiguration;
			buildSettings = {
				ALWAYS_SEARCH_USER_PATHS = NO;
				CLANG_CXX_LANGUAGE_STANDARD = "gnu++0x";
				CLANG_CXX_LIBRARY = "libc++";
				CLANG_ENABLE_MODULES = YES;
				CLANG_ENABLE_OBJC_ARC = YES;
				CLANG_WARN_BOOL_CONVERSION = YES;
				CLANG_WARN_CONSTANT_CONVERSION = YES;
				CLANG_WARN_DIRECT_OBJC_ISA_USAGE = YES_ERROR;
				CLANG_WARN_EMPTY_BODY = YES;
				CLANG_WARN_ENUM_CONVERSION = YES;
				CLANG_WARN_INT_CONVERSION = YES;
				CLANG_WARN_OBJC_ROOT_CLASS = YES_ERROR;
				CLANG_WARN_UNREACHABLE_CODE = YES;
				CLANG_WARN__DUPLICATE_METHOD_MATCH = YES;
				"CODE_SIGN_IDENTITY[sdk=iphoneos*]" = "iPhone Developer";
				COPY_PHASE_STRIP = NO;
				DEBUG_INFORMATION_FORMAT = dwarf;
				ENABLE_STRICT_OBJC_MSGSEND = YES;
				ENABLE_TESTABILITY = YES;
				GCC_C_LANGUAGE_STANDARD = gnu99;
				GCC_DYNAMIC_NO_PIC = NO;
				GCC_NO_COMMON_BLOCKS = YES;
				GCC_OPTIMIZATION_LEVEL = 0;
				GCC_PREPROCESSOR_DEFINITIONS = (
					"DEBUG=1",
					"$(inherited)",
				);
				GCC_WARN_64_TO_32_BIT_CONVERSION = YES;
				GCC_WARN_ABOUT_RETURN_TYPE = YES_ERROR;
				GCC_WARN_UNDECLARED_SELECTOR = YES;
				GCC_WARN_UNINITIALIZED_AUTOS = YES_AGGRESSIVE;
				GCC_WARN_UNUSED_FUNCTION = YES;
				GCC_WARN_UNUSED_VARIABLE = YES;
				IPHONEOS_DEPLOYMENT_TARGET = 9.2;
				MTL_ENABLE_DEBUG_INFO = YES;
				ONLY_ACTIVE_ARCH = YES;
				SDKROOT = iphoneos;
				TARGETED_DEVICE_FAMILY = "1,2";
			};
			name = Debug;
		};
		46C44E0D1D37359300E22A13 /* Release */ = {
			isa = XCBuildConfiguration;
			buildSettings = {
				ALWAYS_SEARCH_USER_PATHS = NO;
				CLANG_CXX_LANGUAGE_STANDARD = "gnu++0x";
				CLANG_CXX_LIBRARY = "libc++";
				CLANG_ENABLE_MODULES = YES;
				CLANG_ENABLE_OBJC_ARC = YES;
				CLANG_WARN_BOOL_CONVERSION = YES;
				CLANG_WARN_CONSTANT_CONVERSION = YES;
				CLANG_WARN_DIRECT_OBJC_ISA_USAGE = YES_ERROR;
				CLANG_WARN_EMPTY_BODY = YES;
				CLANG_WARN_ENUM_CONVERSION = YES;
				CLANG_WARN_INT_CONVERSION = YES;
				CLANG_WARN_OBJC_ROOT_CLASS = YES_ERROR;
				CLANG_WARN_UNREACHABLE_CODE = YES;
				CLANG_WARN__DUPLICATE_METHOD_MATCH = YES;
				"CODE_SIGN_IDENTITY[sdk=iphoneos*]" = "iPhone Developer";
				COPY_PHASE_STRIP = NO;
				DEBUG_INFORMATION_FORMAT = "dwarf-with-dsym";
				ENABLE_NS_ASSERTIONS = NO;
				ENABLE_STRICT_OBJC_MSGSEND = YES;
				GCC_C_LANGUAGE_STANDARD = gnu99;
				GCC_NO_COMMON_BLOCKS = YES;
				GCC_WARN_64_TO_32_BIT_CONVERSION = YES;
				GCC_WARN_ABOUT_RETURN_TYPE = YES_ERROR;
				GCC_WARN_UNDECLARED_SELECTOR = YES;
				GCC_WARN_UNINITIALIZED_AUTOS = YES_AGGRESSIVE;
				GCC_WARN_UNUSED_FUNCTION = YES;
				GCC_WARN_UNUSED_VARIABLE = YES;
				IPHONEOS_DEPLOYMENT_TARGET = 9.2;
				MTL_ENABLE_DEBUG_INFO = NO;
				SDKROOT = iphoneos;
				TARGETED_DEVICE_FAMILY = "1,2";
				VALIDATE_PRODUCT = YES;
			};
			name = Release;
		};
		46C44E0F1D37359300E22A13 /* Debug */ = {
			isa = XCBuildConfiguration;
			buildSettings = {
				ASSETCATALOG_COMPILER_APPICON_NAME = AppIcon;
				ENABLE_BITCODE = NO;
				INFOPLIST_FILE = "iOS录音和wav转amr/Info.plist";
				LD_RUNPATH_SEARCH_PATHS = "$(inherited) @executable_path/Frameworks";
				LIBRARY_SEARCH_PATHS = (
					"$(inherited)",
					"$(PROJECT_DIR)/iOS录音和wav转amr/VoiceConvert-master/opencore-amrnb",
					"$(PROJECT_DIR)/iOS录音和wav转amr/VoiceConvert-master/opencore-amrwb",
					"$(PROJECT_DIR)/iOS录音和wav转amr/AMRVoiceRecorder-master/lib",
				);
				PRODUCT_BUNDLE_IDENTIFIER = "com.tqyDXXC.www.iOS---wav-amr";
				PRODUCT_NAME = "$(TARGET_NAME)";
			};
			name = Debug;
		};
		46C44E101D37359300E22A13 /* Release */ = {
			isa = XCBuildConfiguration;
			buildSettings = {
				ASSETCATALOG_COMPILER_APPICON_NAME = AppIcon;
				ENABLE_BITCODE = NO;
				INFOPLIST_FILE = "iOS录音和wav转amr/Info.plist";
				LD_RUNPATH_SEARCH_PATHS = "$(inherited) @executable_path/Frameworks";
				LIBRARY_SEARCH_PATHS = (
					"$(inherited)",
					"$(PROJECT_DIR)/iOS录音和wav转amr/VoiceConvert-master/opencore-amrnb",
					"$(PROJECT_DIR)/iOS录音和wav转amr/VoiceConvert-master/opencore-amrwb",
					"$(PROJECT_DIR)/iOS录音和wav转amr/AMRVoiceRecorder-master/lib",
				);
				PRODUCT_BUNDLE_IDENTIFIER = "com.tqyDXXC.www.iOS---wav-amr";
				PRODUCT_NAME = "$(TARGET_NAME)";
			};
			name = Release;
		};
/* End XCBuildConfiguration section */

/* Begin XCConfigurationList section */
		46C44DF21D37359300E22A13 /* Build configuration list for PBXProject "iOS录音和wav转amr" */ = {
			isa = XCConfigurationList;
			buildConfigurations = (
				46C44E0C1D37359300E22A13 /* Debug */,
				46C44E0D1D37359300E22A13 /* Release */,
			);
			defaultConfigurationIsVisible = 0;
			defaultConfigurationName = Release;
		};
		46C44E0E1D37359300E22A13 /* Build configuration list for PBXNativeTarget "iOS录音和wav转amr" */ = {
			isa = XCConfigurationList;
			buildConfigurations = (
				46C44E0F1D37359300E22A13 /* Debug */,
				46C44E101D37359300E22A13 /* Release */,
			);
			defaultConfigurationIsVisible = 0;
		};
/* End XCConfigurationList section */
	};
	rootObject = 46C44DEF1D37359300E22A13 /* Project object */;
}
